
Microsoft Visual Studio Solution File, Format Version 12.00
# Visual Studio Version 16
VisualStudioVersion = 16.0.29613.14
MinimumVisualStudioVersion = 10.0.40219.1
Project("{FAE04EC0-301F-11D3-BF4B-00C04F79EFBC}") = "ParserToSoap", "ParserToSoap\ParserToSoap.csproj", "{E81F35FF-1AEF-45FD-93AC-188A3F3AAF80}"
EndProject
Global
	GlobalSection(SolutionConfigurationPlatforms) = preSolution
		Debug|Any CPU = Debug|Any CPU
		Release|Any CPU = Release|Any CPU
	EndGlobalSection
	GlobalSection(ProjectConfigurationPlatforms) = postSolution
		{E81F35FF-1AEF-45FD-93AC-188A3F3AAF80}.Debug|Any CPU.ActiveCfg = Debug|Any CPU
		{E81F35FF-1AEF-45FD-93AC-188A3F3AAF80}.Debug|Any CPU.Build.0 = Debug|Any CPU
		{E81F35FF-1AEF-45FD-93AC-188A3F3AAF80}.Release|Any CPU.ActiveCfg = Release|Any CPU
		{E81F35FF-1AEF-45FD-93AC-188A3F3AAF80}.Release|Any CPU.Build.0 = Release|Any CPU
	EndGlobalSection
	GlobalSection(SolutionProperties) = preSolution
		HideSolutionNode = FALSE
	EndGlobalSection
	GlobalSection(ExtensibilityGlobals) = postSolution
		SolutionGuid = {57A57672-BC79-4955-9F3C-2A5C4E142C2D}
	EndGlobalSection
EndGlobal
